
Microsoft Visual Studio Solution File, Format Version 12.00
# Visual Studio Version 17
VisualStudioVersion = 17.3.32929.385
MinimumVisualStudioVersion = 10.0.40219.1
Project("{FAE04EC0-301F-11D3-BF4B-00C04F79EFBC}") = "Elevator", "Elevator.csproj", "{5C074DAF-3277-4E24-B913-F703BD9A9BB2}"
EndProject
Global
	GlobalSection(SolutionConfigurationPlatforms) = preSolution
		Debug|Any CPU = Debug|Any CPU
		Release|Any CPU = Release|Any CPU
	EndGlobalSection
	GlobalSection(ProjectConfigurationPlatforms) = postSolution
		{5C074DAF-3277-4E24-B913-F703BD9A9BB2}.Debug|Any CPU.ActiveCfg = Debug|Any CPU
		{5C074DAF-3277-4E24-B913-F703BD9A9BB2}.Debug|Any CPU.Build.0 = Debug|Any CPU
		{5C074DAF-3277-4E24-B913-F703BD9A9BB2}.Release|Any CPU.ActiveCfg = Release|Any CPU
		{5C074DAF-3277-4E24-B913-F703BD9A9BB2}.Release|Any CPU.Build.0 = Release|Any CPU
	EndGlobalSection
	GlobalSection(SolutionProperties) = preSolution
		HideSolutionNode = FALSE
	EndGlobalSection
	GlobalSection(ExtensibilityGlobals) = postSolution
		SolutionGuid = {BDC3B4B3-F224-4547-8560-E7A34C704CF1}
	EndGlobalSection
EndGlobal
